
Microsoft Visual Studio Solution File, Format Version 12.00
# Visual Studio 15
VisualStudioVersion = 15.0.26228.9
MinimumVisualStudioVersion = 10.0.40219.1
Project("{FAE04EC0-301F-11D3-BF4B-00C04F79EFBC}") = "Porable.Lib", "Porable.Lib\Porable.Lib.csproj", "{F9855718-FEFE-4FD9-947B-5137FF5BE298}"
EndProject
Project("{FAE04EC0-301F-11D3-BF4B-00C04F79EFBC}") = "TaskAndroid", "TaskAndroid\TaskAndroid.csproj", "{0189FF74-B249-43C5-B043-D9A9CC729107}"
EndProject
Global
	GlobalSection(SolutionConfigurationPlatforms) = preSolution
		Debug|Any CPU = Debug|Any CPU
		Release|Any CPU = Release|Any CPU
	EndGlobalSection
	GlobalSection(ProjectConfigurationPlatforms) = postSolution
		{F9855718-FEFE-4FD9-947B-5137FF5BE298}.Debug|Any CPU.ActiveCfg = Debug|Any CPU
		{F9855718-FEFE-4FD9-947B-5137FF5BE298}.Debug|Any CPU.Build.0 = Debug|Any CPU
		{F9855718-FEFE-4FD9-947B-5137FF5BE298}.Release|Any CPU.ActiveCfg = Release|Any CPU
		{F9855718-FEFE-4FD9-947B-5137FF5BE298}.Release|Any CPU.Build.0 = Release|Any CPU
		{0189FF74-B249-43C5-B043-D9A9CC729107}.Debug|Any CPU.ActiveCfg = Debug|Any CPU
		{0189FF74-B249-43C5-B043-D9A9CC729107}.Debug|Any CPU.Build.0 = Debug|Any CPU
		{0189FF74-B249-43C5-B043-D9A9CC729107}.Debug|Any CPU.Deploy.0 = Debug|Any CPU
		{0189FF74-B249-43C5-B043-D9A9CC729107}.Release|Any CPU.ActiveCfg = Release|Any CPU
		{0189FF74-B249-43C5-B043-D9A9CC729107}.Release|Any CPU.Build.0 = Release|Any CPU
		{0189FF74-B249-43C5-B043-D9A9CC729107}.Release|Any CPU.Deploy.0 = Release|Any CPU
	EndGlobalSection
	GlobalSection(SolutionProperties) = preSolution
		HideSolutionNode = FALSE
	EndGlobalSection
EndGlobal
